// !$*UTF8*$!
{
	archiveVersion = 1;
	classes = {
	};
	objectVersion = 55;
	objects = {

/* Begin PBXBuildFile section */
		02313F89289052E800C24D01 /* AppDelegate.swift in Sources */ = {isa = PBXBuildFile; fileRef = 02313F88289052E800C24D01 /* AppDelegate.swift */; };
		02313F8B289052E800C24D01 /* SceneDelegate.swift in Sources */ = {isa = PBXBuildFile; fileRef = 02313F8A289052E800C24D01 /* SceneDelegate.swift */; };
		02313F90289052E800C24D01 /* Main.storyboard in Resources */ = {isa = PBXBuildFile; fileRef = 02313F8E289052E800C24D01 /* Main.storyboard */; };
		02313F92289052E800C24D01 /* Assets.xcassets in Resources */ = {isa = PBXBuildFile; fileRef = 02313F91289052E800C24D01 /* Assets.xcassets */; };
		02313F95289052E800C24D01 /* LaunchScreen.storyboard in Resources */ = {isa = PBXBuildFile; fileRef = 02313F93289052E800C24D01 /* LaunchScreen.storyboard */; };
		02313FA42890582600C24D01 /* Funds.swift in Sources */ = {isa = PBXBuildFile; fileRef = 02313FA32890582600C24D01 /* Funds.swift */; };
		023B617928906D01007D6BCD /* Converter.swift in Sources */ = {isa = PBXBuildFile; fileRef = 023B617828906D01007D6BCD /* Converter.swift */; };
		023B6183289117B4007D6BCD /* EmptyViewController.swift in Sources */ = {isa = PBXBuildFile; fileRef = 023B6182289117B4007D6BCD /* EmptyViewController.swift */; };
		09ABC6D128911B750057E103 /* Actives.swift in Sources */ = {isa = PBXBuildFile; fileRef = 09ABC6D028911B750057E103 /* Actives.swift */; };
/* End PBXBuildFile section */

/* Begin PBXFileReference section */
		02313F85289052E800C24D01 /* HomeWorkFor2.4Lession(Wallet).app */ = {isa = PBXFileReference; explicitFileType = wrapper.application; includeInIndex = 0; path = "HomeWorkFor2.4Lession(Wallet).app"; sourceTree = BUILT_PRODUCTS_DIR; };
		02313F88289052E800C24D01 /* AppDelegate.swift */ = {isa = PBXFileReference; lastKnownFileType = sourcecode.swift; path = AppDelegate.swift; sourceTree = "<group>"; };
		02313F8A289052E800C24D01 /* SceneDelegate.swift */ = {isa = PBXFileReference; lastKnownFileType = sourcecode.swift; path = SceneDelegate.swift; sourceTree = "<group>"; };
		02313F8F289052E800C24D01 /* Base */ = {isa = PBXFileReference; lastKnownFileType = file.storyboard; name = Base; path = Base.lproj/Main.storyboard; sourceTree = "<group>"; };
		02313F91289052E800C24D01 /* Assets.xcassets */ = {isa = PBXFileReference; lastKnownFileType = folder.assetcatalog; path = Assets.xcassets; sourceTree = "<group>"; };
		02313F94289052E800C24D01 /* Base */ = {isa = PBXFileReference; lastKnownFileType = file.storyboard; name = Base; path = Base.lproj/LaunchScreen.storyboard; sourceTree = "<group>"; };
		02313F96289052E800C24D01 /* Info.plist */ = {isa = PBXFileReference; lastKnownFileType = text.plist.xml; path = Info.plist; sourceTree = "<group>"; };
		02313FA32890582600C24D01 /* Funds.swift */ = {isa = PBXFileReference; lastKnownFileType = sourcecode.swift; path = Funds.swift; sourceTree = "<group>"; };
		023B617828906D01007D6BCD /* Converter.swift */ = {isa = PBXFileReference; lastKnownFileType = sourcecode.swift; path = Converter.swift; sourceTree = "<group>"; };
		023B6182289117B4007D6BCD /* EmptyViewController.swift */ = {isa = PBXFileReference; lastKnownFileType = sourcecode.swift; name = EmptyViewController.swift; path = "HomeWorkFor2.4Lession(Wallet)/Controllers/EmptyViewController.swift"; sourceTree = SOURCE_ROOT; };
		09ABC6D028911B750057E103 /* Actives.swift */ = {isa = PBXFileReference; lastKnownFileType = sourcecode.swift; path = Actives.swift; sourceTree = "<group>"; };
/* End PBXFileReference section */

/* Begin PBXFrameworksBuildPhase section */
		02313F82289052E800C24D01 /* Frameworks */ = {
			isa = PBXFrameworksBuildPhase;
			buildActionMask = 2147483647;
			files = (
			);
			runOnlyForDeploymentPostprocessing = 0;
		};
/* End PBXFrameworksBuildPhase section */

/* Begin PBXGroup section */
		02313F7C289052E800C24D01 = {
			isa = PBXGroup;
			children = (
				02313F87289052E800C24D01 /* HomeWorkFor2.4Lession(Wallet) */,
				02313F86289052E800C24D01 /* Products */,
			);
			sourceTree = "<group>";
		};
		02313F86289052E800C24D01 /* Products */ = {
			isa = PBXGroup;
			children = (
				02313F85289052E800C24D01 /* HomeWorkFor2.4Lession(Wallet).app */,
			);
			name = Products;
			sourceTree = "<group>";
		};
		02313F87289052E800C24D01 /* HomeWorkFor2.4Lession(Wallet) */ = {
			isa = PBXGroup;
			children = (
				023B6184289117EC007D6BCD /* Controllers */,
				02313F9D2890531600C24D01 /* Model */,
				02313FA12890533D00C24D01 /* Views */,
				02313F9E2890531C00C24D01 /* Resourses */,
				02313FA22890535D00C24D01 /* Storyboards */,
				02313F9F2890532800C24D01 /* Services */,
				02313F9C2890530300C24D01 /* App */,
			);
			path = "HomeWorkFor2.4Lession(Wallet)";
			sourceTree = "<group>";
		};
		02313F9C2890530300C24D01 /* App */ = {
			isa = PBXGroup;
			children = (
				02313F96289052E800C24D01 /* Info.plist */,
				02313F88289052E800C24D01 /* AppDelegate.swift */,
				02313F8A289052E800C24D01 /* SceneDelegate.swift */,
			);
			path = App;
			sourceTree = "<group>";
		};
		02313F9D2890531600C24D01 /* Model */ = {
			isa = PBXGroup;
			children = (
				02313FA32890582600C24D01 /* Funds.swift */,
				09ABC6D028911B750057E103 /* Actives.swift */,
			);
			path = Model;
			sourceTree = "<group>";
		};
		02313F9E2890531C00C24D01 /* Resourses */ = {
			isa = PBXGroup;
			children = (
				02313F91289052E800C24D01 /* Assets.xcassets */,
			);
			path = Resourses;
			sourceTree = "<group>";
		};
		02313F9F2890532800C24D01 /* Services */ = {
			isa = PBXGroup;
			children = (
				023B617828906D01007D6BCD /* Converter.swift */,
			);
			path = Services;
			sourceTree = "<group>";
		};
		02313FA12890533D00C24D01 /* Views */ = {
			isa = PBXGroup;
			children = (
			);
			path = Views;
			sourceTree = "<group>";
		};
		02313FA22890535D00C24D01 /* Storyboards */ = {
			isa = PBXGroup;
			children = (
				02313F8E289052E800C24D01 /* Main.storyboard */,
				02313F93289052E800C24D01 /* LaunchScreen.storyboard */,
			);
			path = Storyboards;
			sourceTree = "<group>";
		};
		023B6184289117EC007D6BCD /* Controllers */ = {
			isa = PBXGroup;
			children = (
				023B6182289117B4007D6BCD /* EmptyViewController.swift */,
			);
			path = Controllers;
			sourceTree = "<group>";
		};
/* End PBXGroup section */

/* Begin PBXNativeTarget section */
		02313F84289052E800C24D01 /* HomeWorkFor2.4Lession(Wallet) */ = {
			isa = PBXNativeTarget;
			buildConfigurationList = 02313F99289052E800C24D01 /* Build configuration list for PBXNativeTarget "HomeWorkFor2.4Lession(Wallet)" */;
			buildPhases = (
				02313F81289052E800C24D01 /* Sources */,
				02313F82289052E800C24D01 /* Frameworks */,
				02313F83289052E800C24D01 /* Resources */,
			);
			buildRules = (
			);
			dependencies = (
			);
			name = "HomeWorkFor2.4Lession(Wallet)";
			productName = "HomeWorkFor2.4Lession(Wallet)";
			productReference = 02313F85289052E800C24D01 /* HomeWorkFor2.4Lession(Wallet).app */;
			productType = "com.apple.product-type.application";
		};
/* End PBXNativeTarget section */

/* Begin PBXProject section */
		02313F7D289052E800C24D01 /* Project object */ = {
			isa = PBXProject;
			attributes = {
				BuildIndependentTargetsInParallel = 1;
				LastSwiftUpdateCheck = 1340;
				LastUpgradeCheck = 1340;
				TargetAttributes = {
					02313F84289052E800C24D01 = {
						CreatedOnToolsVersion = 13.4.1;
					};
				};
			};
			buildConfigurationList = 02313F80289052E800C24D01 /* Build configuration list for PBXProject "HomeWorkFor2.4Lession(Wallet)" */;
			compatibilityVersion = "Xcode 13.0";
			developmentRegion = en;
			hasScannedForEncodings = 0;
			knownRegions = (
				en,
				Base,
			);
			mainGroup = 02313F7C289052E800C24D01;
			productRefGroup = 02313F86289052E800C24D01 /* Products */;
			projectDirPath = "";
			projectRoot = "";
			targets = (
				02313F84289052E800C24D01 /* HomeWorkFor2.4Lession(Wallet) */,
			);
		};
/* End PBXProject section */

/* Begin PBXResourcesBuildPhase section */
		02313F83289052E800C24D01 /* Resources */ = {
			isa = PBXResourcesBuildPhase;
			buildActionMask = 2147483647;
			files = (
				02313F95289052E800C24D01 /* LaunchScreen.storyboard in Resources */,
				02313F92289052E800C24D01 /* Assets.xcassets in Resources */,
				02313F90289052E800C24D01 /* Main.storyboard in Resources */,
			);
			runOnlyForDeploymentPostprocessing = 0;
		};
/* End PBXResourcesBuildPhase section */

/* Begin PBXSourcesBuildPhase section */
		02313F81289052E800C24D01 /* Sources */ = {
			isa = PBXSourcesBuildPhase;
			buildActionMask = 2147483647;
			files = (
				02313FA42890582600C24D01 /* Funds.swift in Sources */,
				09ABC6D128911B750057E103 /* Actives.swift in Sources */,
				02313F89289052E800C24D01 /* AppDelegate.swift in Sources */,
				023B6183289117B4007D6BCD /* EmptyViewController.swift in Sources */,
				023B617928906D01007D6BCD /* Converter.swift in Sources */,
				02313F8B289052E800C24D01 /* SceneDelegate.swift in Sources */,
			);
			runOnlyForDeploymentPostprocessing = 0;
		};
/* End PBXSourcesBuildPhase section */

/* Begin PBXVariantGroup section */
		02313F8E289052E800C24D01 /* Main.storyboard */ = {
			isa = PBXVariantGroup;
			children = (
				02313F8F289052E800C24D01 /* Base */,
			);
			name = Main.storyboard;
			sourceTree = "<group>";
		};
		02313F93289052E800C24D01 /* LaunchScreen.storyboard */ = {
			isa = PBXVariantGroup;
			children = (
				02313F94289052E800C24D01 /* Base */,
			);
			name = LaunchScreen.storyboard;
			sourceTree = "<group>";
		};
/* End PBXVariantGroup section */

/* Begin XCBuildConfiguration section */
		02313F97289052E800C24D01 /* Debug */ = {
			isa = XCBuildConfiguration;
			buildSettings = {
				ALWAYS_SEARCH_USER_PATHS = NO;
				CLANG_ANALYZER_NONNULL = YES;
				CLANG_ANALYZER_NUMBER_OBJECT_CONVERSION = YES_AGGRESSIVE;
				CLANG_CXX_LANGUAGE_STANDARD = "gnu++17";
				CLANG_ENABLE_MODULES = YES;
				CLANG_ENABLE_OBJC_ARC = YES;
				CLANG_ENABLE_OBJC_WEAK = YES;
				CLANG_WARN_BLOCK_CAPTURE_AUTORELEASING = YES;
				CLANG_WARN_BOOL_CONVERSION = YES;
				CLANG_WARN_COMMA = YES;
				CLANG_WARN_CONSTANT_CONVERSION = YES;
				CLANG_WARN_DEPRECATED_OBJC_IMPLEMENTATIONS = YES;
				CLANG_WARN_DIRECT_OBJC_ISA_USAGE = YES_ERROR;
				CLANG_WARN_DOCUMENTATION_COMMENTS = YES;
				CLANG_WARN_EMPTY_BODY = YES;
				CLANG_WARN_ENUM_CONVERSION = YES;
				CLANG_WARN_INFINITE_RECURSION = YES;
				CLANG_WARN_INT_CONVERSION = YES;
				CLANG_WARN_NON_LITERAL_NULL_CONVERSION = YES;
				CLANG_WARN_OBJC_IMPLICIT_RETAIN_SELF = YES;
				CLANG_WARN_OBJC_LITERAL_CONVERSION = YES;
				CLANG_WARN_OBJC_ROOT_CLASS = YES_ERROR;
				CLANG_WARN_QUOTED_INCLUDE_IN_FRAMEWORK_HEADER = YES;
				CLANG_WARN_RANGE_LOOP_ANALYSIS = YES;
				CLANG_WARN_STRICT_PROTOTYPES = YES;
				CLANG_WARN_SUSPICIOUS_MOVE = YES;
				CLANG_WARN_UNGUARDED_AVAILABILITY = YES_AGGRESSIVE;
				CLANG_WARN_UNREACHABLE_CODE = YES;
				CLANG_WARN__DUPLICATE_METHOD_MATCH = YES;
				COPY_PHASE_STRIP = NO;
				DEBUG_INFORMATION_FORMAT = dwarf;
				ENABLE_STRICT_OBJC_MSGSEND = YES;
				ENABLE_TESTABILITY = YES;
				GCC_C_LANGUAGE_STANDARD = gnu11;
				GCC_DYNAMIC_NO_PIC = NO;
				GCC_NO_COMMON_BLOCKS = YES;
				GCC_OPTIMIZATION_LEVEL = 0;
				GCC_PREPROCESSOR_DEFINITIONS = (
					"DEBUG=1",
					"$(inherited)",
				);
				GCC_WARN_64_TO_32_BIT_CONVERSION = YES;
				GCC_WARN_ABOUT_RETURN_TYPE = YES_ERROR;
				GCC_WARN_UNDECLARED_SELECTOR = YES;
				GCC_WARN_UNINITIALIZED_AUTOS = YES_AGGRESSIVE;
				GCC_WARN_UNUSED_FUNCTION = YES;
				GCC_WARN_UNUSED_VARIABLE = YES;
				IPHONEOS_DEPLOYMENT_TARGET = 15.5;
				MTL_ENABLE_DEBUG_INFO = INCLUDE_SOURCE;
				MTL_FAST_MATH = YES;
				ONLY_ACTIVE_ARCH = YES;
				SDKROOT = iphoneos;
				SWIFT_ACTIVE_COMPILATION_CONDITIONS = DEBUG;
				SWIFT_OPTIMIZATION_LEVEL = "-Onone";
			};
			name = Debug;
		};
		02313F98289052E800C24D01 /* Release */ = {
			isa = XCBuildConfiguration;
			buildSettings = {
				ALWAYS_SEARCH_USER_PATHS = NO;
				CLANG_ANALYZER_NONNULL = YES;
				CLANG_ANALYZER_NUMBER_OBJECT_CONVERSION = YES_AGGRESSIVE;
				CLANG_CXX_LANGUAGE_STANDARD = "gnu++17";
				CLANG_ENABLE_MODULES = YES;
				CLANG_ENABLE_OBJC_ARC = YES;
				CLANG_ENABLE_OBJC_WEAK = YES;
				CLANG_WARN_BLOCK_CAPTURE_AUTORELEASING = YES;
				CLANG_WARN_BOOL_CONVERSION = YES;
				CLANG_WARN_COMMA = YES;
				CLANG_WARN_CONSTANT_CONVERSION = YES;
				CLANG_WARN_DEPRECATED_OBJC_IMPLEMENTATIONS = YES;
				CLANG_WARN_DIRECT_OBJC_ISA_USAGE = YES_ERROR;
				CLANG_WARN_DOCUMENTATION_COMMENTS = YES;
				CLANG_WARN_EMPTY_BODY = YES;
				CLANG_WARN_ENUM_CONVERSION = YES;
				CLANG_WARN_INFINITE_RECURSION = YES;
				CLANG_WARN_INT_CONVERSION = YES;
				CLANG_WARN_NON_LITERAL_NULL_CONVERSION = YES;
				CLANG_WARN_OBJC_IMPLICIT_RETAIN_SELF = YES;
				CLANG_WARN_OBJC_LITERAL_CONVERSION = YES;
				CLANG_WARN_OBJC_ROOT_CLASS = YES_ERROR;
				CLANG_WARN_QUOTED_INCLUDE_IN_FRAMEWORK_HEADER = YES;
				CLANG_WARN_RANGE_LOOP_ANALYSIS = YES;
				CLANG_WARN_STRICT_PROTOTYPES = YES;
				CLANG_WARN_SUSPICIOUS_MOVE = YES;
				CLANG_WARN_UNGUARDED_AVAILABILITY = YES_AGGRESSIVE;
				CLANG_WARN_UNREACHABLE_CODE = YES;
				CLANG_WARN__DUPLICATE_METHOD_MATCH = YES;
				COPY_PHASE_STRIP = NO;
				DEBUG_INFORMATION_FORMAT = "dwarf-with-dsym";
				ENABLE_NS_ASSERTIONS = NO;
				ENABLE_STRICT_OBJC_MSGSEND = YES;
				GCC_C_LANGUAGE_STANDARD = gnu11;
				GCC_NO_COMMON_BLOCKS = YES;
				GCC_WARN_64_TO_32_BIT_CONVERSION = YES;
				GCC_WARN_ABOUT_RETURN_TYPE = YES_ERROR;
				GCC_WARN_UNDECLARED_SELECTOR = YES;
				GCC_WARN_UNINITIALIZED_AUTOS = YES_AGGRESSIVE;
				GCC_WARN_UNUSED_FUNCTION = YES;
				GCC_WARN_UNUSED_VARIABLE = YES;
				IPHONEOS_DEPLOYMENT_TARGET = 15.5;
				MTL_ENABLE_DEBUG_INFO = NO;
				MTL_FAST_MATH = YES;
				SDKROOT = iphoneos;
				SWIFT_COMPILATION_MODE = wholemodule;
				SWIFT_OPTIMIZATION_LEVEL = "-O";
				VALIDATE_PRODUCT = YES;
			};
			name = Release;
		};
		02313F9A289052E800C24D01 /* Debug */ = {
			isa = XCBuildConfiguration;
			buildSettings = {
				ASSETCATALOG_COMPILER_APPICON_NAME = AppIcon;
				ASSETCATALOG_COMPILER_GLOBAL_ACCENT_COLOR_NAME = AccentColor;
				CODE_SIGN_STYLE = Automatic;
				CURRENT_PROJECT_VERSION = 1;
				DEVELOPMENT_TEAM = R82749YG66;
				GENERATE_INFOPLIST_FILE = YES;
				INFOPLIST_FILE = "HomeWorkFor2.4Lession(Wallet)/App/Info.plist";
				INFOPLIST_KEY_UIApplicationSupportsIndirectInputEvents = YES;
				INFOPLIST_KEY_UILaunchStoryboardName = LaunchScreen;
				INFOPLIST_KEY_UIMainStoryboardFile = Main;
				INFOPLIST_KEY_UISupportedInterfaceOrientations_iPad = "UIInterfaceOrientationPortrait UIInterfaceOrientationPortraitUpsideDown UIInterfaceOrientationLandscapeLeft UIInterfaceOrientationLandscapeRight";
				INFOPLIST_KEY_UISupportedInterfaceOrientations_iPhone = "UIInterfaceOrientationPortrait UIInterfaceOrientationLandscapeLeft UIInterfaceOrientationLandscapeRight";
				LD_RUNPATH_SEARCH_PATHS = (
					"$(inherited)",
					"@executable_path/Frameworks",
				);
				MARKETING_VERSION = 1.0;
				PRODUCT_BUNDLE_IDENTIFIER = "sibe57.HomeWorkFor2-4Lession-Wallet-";
				PRODUCT_NAME = "$(TARGET_NAME)";
				SWIFT_EMIT_LOC_STRINGS = YES;
				SWIFT_VERSION = 5.0;
				TARGETED_DEVICE_FAMILY = "1,2";
			};
			name = Debug;
		};
		02313F9B289052E800C24D01 /* Release */ = {
			isa = XCBuildConfiguration;
			buildSettings = {
				ASSETCATALOG_COMPILER_APPICON_NAME = AppIcon;
				ASSETCATALOG_COMPILER_GLOBAL_ACCENT_COLOR_NAME = AccentColor;
				CODE_SIGN_STYLE = Automatic;
				CURRENT_PROJECT_VERSION = 1;
				DEVELOPMENT_TEAM = R82749YG66;
				GENERATE_INFOPLIST_FILE = YES;
				INFOPLIST_FILE = "HomeWorkFor2.4Lession(Wallet)/App/Info.plist";
				INFOPLIST_KEY_UIApplicationSupportsIndirectInputEvents = YES;
				INFOPLIST_KEY_UILaunchStoryboardName = LaunchScreen;
				INFOPLIST_KEY_UIMainStoryboardFile = Main;
				INFOPLIST_KEY_UISupportedInterfaceOrientations_iPad = "UIInterfaceOrientationPortrait UIInterfaceOrientationPortraitUpsideDown UIInterfaceOrientationLandscapeLeft UIInterfaceOrientationLandscapeRight";
				INFOPLIST_KEY_UISupportedInterfaceOrientations_iPhone = "UIInterfaceOrientationPortrait UIInterfaceOrientationLandscapeLeft UIInterfaceOrientationLandscapeRight";
				LD_RUNPATH_SEARCH_PATHS = (
					"$(inherited)",
					"@executable_path/Frameworks",
				);
				MARKETING_VERSION = 1.0;
				PRODUCT_BUNDLE_IDENTIFIER = "sibe57.HomeWorkFor2-4Lession-Wallet-";
				PRODUCT_NAME = "$(TARGET_NAME)";
				SWIFT_EMIT_LOC_STRINGS = YES;
				SWIFT_VERSION = 5.0;
				TARGETED_DEVICE_FAMILY = "1,2";
			};
			name = Release;
		};
/* End XCBuildConfiguration section */

/* Begin XCConfigurationList section */
		02313F80289052E800C24D01 /* Build configuration list for PBXProject "HomeWorkFor2.4Lession(Wallet)" */ = {
			isa = XCConfigurationList;
			buildConfigurations = (
				02313F97289052E800C24D01 /* Debug */,
				02313F98289052E800C24D01 /* Release */,
			);
			defaultConfigurationIsVisible = 0;
			defaultConfigurationName = Release;
		};
		02313F99289052E800C24D01 /* Build configuration list for PBXNativeTarget "HomeWorkFor2.4Lession(Wallet)" */ = {
			isa = XCConfigurationList;
			buildConfigurations = (
				02313F9A289052E800C24D01 /* Debug */,
				02313F9B289052E800C24D01 /* Release */,
			);
			defaultConfigurationIsVisible = 0;
			defaultConfigurationName = Release;
		};
/* End XCConfigurationList section */
	};
	rootObject = 02313F7D289052E800C24D01 /* Project object */;
}
